{
  "name": "bcbbproject",
  "version": "1.0.0",
  "lockfileVersion": 1,
  "requires": true,
  "dependencies": {
    "emojione": {
      "version": "4.5.0",
      "resolved": "https://registry.npmjs.org/emojione/-/emojione-4.5.0.tgz",
      "integrity": "sha512-Tq55Y3UgPOnayFDN+Qd6QMP0rpoH10a1nhSFN27s8gXW3qymgFIHiXys2ECYYAI134BafmI3qP9ni2rZOe9BjA=="
    },
    "emojionearea": {
      "version": "3.4.1",
      "resolved": "https://registry.npmjs.org/emojionearea/-/emojionearea-3.4.1.tgz",
      "integrity": "sha1-WqGVz53sAKSzOpUDivRzo+u8Z3o=",
      "requires": {
        "emojione": ">=2.0.1",
        "jquery": ">=1.8.3",
        "jquery-textcomplete": ">=1.3.4"
      }
    },
    "jquery": {
      "version": "3.4.1",
      "resolved": "https://registry.npmjs.org/jquery/-/jquery-3.4.1.tgz",
      "integrity": "sha512-36+AdBzCL+y6qjw5Tx7HgzeGCzC81MDDgaUP8ld2zhx58HdqXGoBd+tHdrBMiyjGQs0Hxs/MLZTu/eHNJJuWPw=="
    },
    "jquery-textcomplete": {
      "version": "1.8.5",
      "resolved": "https://registry.npmjs.org/jquery-textcomplete/-/jquery-textcomplete-1.8.5.tgz",
      "integrity": "sha512-WctSUxFk7GF5Tx2gHeVKrpkQ9tsV7mibBJ0AYNwEx+Zx3ZoUQgU5grkBXY3SCqpq/owMAMEvksN96DBSWT4PSg=="
    },
    "wdt-emoji-bundle": {
      "version": "0.2.1",
      "resolved": "https://registry.npmjs.org/wdt-emoji-bundle/-/wdt-emoji-bundle-0.2.1.tgz",
      "integrity": "sha512-cULiJvzHMCYbz/A3gFfGXB9CcdepMnNSd4m0Slt3+ffCKLcQEGixM1B3GTWyjrGnjcPnWMdd7V8EXkCbszqn4g=="
    }
  }
}
